
Microsoft Visual Studio Solution File, Format Version 12.00
# Visual Studio 15
VisualStudioVersion = 15.0.27130.2020
MinimumVisualStudioVersion = 10.0.40219.1
Project("{FAE04EC0-301F-11D3-BF4B-00C04F79EFBC}") = "Commonality", "Commonality\Commonality.csproj", "{59BE4F64-D141-4220-A7FD-81841ABAE4C7}"
EndProject
Project("{FAE04EC0-301F-11D3-BF4B-00C04F79EFBC}") = "Commonality.Test", "Commonality.Test\Commonality.Test.csproj", "{AB06FFEF-7A53-4A82-BDCF-F302534AA52F}"
EndProject
Global
	GlobalSection(SolutionConfigurationPlatforms) = preSolution
		Debug|Any CPU = Debug|Any CPU
		Release|Any CPU = Release|Any CPU
	EndGlobalSection
	GlobalSection(ProjectConfigurationPlatforms) = postSolution
		{59BE4F64-D141-4220-A7FD-81841ABAE4C7}.Debug|Any CPU.ActiveCfg = Debug|Any CPU
		{59BE4F64-D141-4220-A7FD-81841ABAE4C7}.Debug|Any CPU.Build.0 = Debug|Any CPU
		{59BE4F64-D141-4220-A7FD-81841ABAE4C7}.Release|Any CPU.ActiveCfg = Release|Any CPU
		{59BE4F64-D141-4220-A7FD-81841ABAE4C7}.Release|Any CPU.Build.0 = Release|Any CPU
		{AB06FFEF-7A53-4A82-BDCF-F302534AA52F}.Debug|Any CPU.ActiveCfg = Debug|Any CPU
		{AB06FFEF-7A53-4A82-BDCF-F302534AA52F}.Debug|Any CPU.Build.0 = Debug|Any CPU
		{AB06FFEF-7A53-4A82-BDCF-F302534AA52F}.Release|Any CPU.ActiveCfg = Release|Any CPU
		{AB06FFEF-7A53-4A82-BDCF-F302534AA52F}.Release|Any CPU.Build.0 = Release|Any CPU
	EndGlobalSection
	GlobalSection(SolutionProperties) = preSolution
		HideSolutionNode = FALSE
	EndGlobalSection
	GlobalSection(ExtensibilityGlobals) = postSolution
		SolutionGuid = {074F8E9E-1F60-49D8-8D86-F333C8EA3B32}
	EndGlobalSection
EndGlobal
